
Microsoft Visual Studio Solution File, Format Version 12.00
# Visual Studio Version 17
VisualStudioVersion = 17.0.31903.59
MinimumVisualStudioVersion = 10.0.40219.1
Project("{2150E333-8FDC-42A3-9474-1A3956D46DE8}") = "Samples", "Samples", "{2E00F457-821C-494D-8219-C2444FB088F8}"
EndProject
Project("{2150E333-8FDC-42A3-9474-1A3956D46DE8}") = "Extensions", "Extensions", "{1C487B22-D996-4D17-884C-68FC5F863F9D}"
EndProject
Project("{FAE04EC0-301F-11D3-BF4B-00C04F79EFBC}") = "DistributedLock", "Extensions\DistributedLock\DistributedLock.csproj", "{42358AFA-8A26-4FA7-BE9D-5D5C57CED54D}"
EndProject
Project("{2150E333-8FDC-42A3-9474-1A3956D46DE8}") = "Commons", "Commons", "{367EFF33-1905-40E9-8CE4-1ED35736569D}"
EndProject
Project("{FAE04EC0-301F-11D3-BF4B-00C04F79EFBC}") = "DistributedSecrets", "Commons\DistributedSecrets\DistributedSecrets.csproj", "{11613A27-64FC-4398-8AB6-4B53443FAC80}"
EndProject
Project("{FAE04EC0-301F-11D3-BF4B-00C04F79EFBC}") = "Secrets.Web", "Samples\Secrets.Web\Secrets.Web.csproj", "{61012C40-52B1-49B6-B68F-D2DD94F010C6}"
EndProject
Project("{FAE04EC0-301F-11D3-BF4B-00C04F79EFBC}") = "OpenTelemetry.Web", "Samples\OpenTelemetry.Web\OpenTelemetry.Web.csproj", "{56A21FC7-77BE-4BC8-8F2A-FD1FD88508F0}"
EndProject
Project("{FAE04EC0-301F-11D3-BF4B-00C04F79EFBC}") = "OpenTelemetry.Apm", "Extensions\OpenTelemetry\OpenTelemetry.Apm.csproj", "{CC59B5F1-F3B4-4873-A506-237E38B24084}"
EndProject
Project("{FAE04EC0-301F-11D3-BF4B-00C04F79EFBC}") = "RedisClient", "Extensions\Redis\RedisClient.csproj", "{8B59D50E-A41D-4989-970B-A6408F080BCF}"
EndProject
Project("{FAE04EC0-301F-11D3-BF4B-00C04F79EFBC}") = "Minimal.Web", "Samples\Minimal.Web\Minimal.Web.csproj", "{D679C9AE-3185-45CD-99E8-181829240624}"
EndProject
Project("{FAE04EC0-301F-11D3-BF4B-00C04F79EFBC}") = "Validations", "Commons\Validations\Validations.csproj", "{BA15547C-AFF7-4A1F-A117-27411DA44DEA}"
EndProject
Project("{2150E333-8FDC-42A3-9474-1A3956D46DE8}") = "PubSub", "PubSub", "{FAE09760-9A94-48C6-A198-6519F9D08468}"
EndProject
Project("{FAE04EC0-301F-11D3-BF4B-00C04F79EFBC}") = "Minimal.Publisher.Web", "Samples\PubSub\Minimal.Publisher.Web\Minimal.Publisher.Web.csproj", "{10BDB2D0-3322-4FAA-8172-55BDF8E47C8F}"
EndProject
Project("{FAE04EC0-301F-11D3-BF4B-00C04F79EFBC}") = "Minimal.Subscriber", "Samples\PubSub\Minimal.Subscriber.Web\Minimal.Subscriber.csproj", "{79D25E4A-7849-4329-85DC-0ECFD363AE96}"
EndProject
Project("{2150E333-8FDC-42A3-9474-1A3956D46DE8}") = "Locking", "Locking", "{E6180AEE-C9DD-439D-A8E5-606B48FF561D}"
EndProject
Project("{FAE04EC0-301F-11D3-BF4B-00C04F79EFBC}") = "Locking.Console", "Samples\Locking\Locking.Console\Locking.Console.csproj", "{F39E6786-2157-4D7D-A1BD-B226E2F5BA8E}"
EndProject
Project("{FAE04EC0-301F-11D3-BF4B-00C04F79EFBC}") = "Locking.Web", "Samples\Locking\Locking.Web\Locking.Web.csproj", "{C45057BB-18C0-4A8C-A235-0B0F58AFCD80}"
EndProject
Project("{FAE04EC0-301F-11D3-BF4B-00C04F79EFBC}") = "Publisher.Console", "Samples\PubSub\Publisher.Console\Publisher.Console.csproj", "{C0DF1035-B2CC-448A-AFCA-07FBB0C6AC45}"
EndProject
Project("{FAE04EC0-301F-11D3-BF4B-00C04F79EFBC}") = "Subscriber.Web", "Samples\PubSub\Subscriber.Web\Subscriber.Web.csproj", "{CE2908C6-05FF-457D-A236-6EBDF84A9B37}"
EndProject
Project("{FAE04EC0-301F-11D3-BF4B-00C04F79EFBC}") = "MasterExtension", "Extensions\MasterExtension\MasterExtension.csproj", "{8FDEB9D3-BE26-42D2-B1A1-6E2DA2419644}"
EndProject
Project("{FAE04EC0-301F-11D3-BF4B-00C04F79EFBC}") = "PubSub", "Extensions\PubSub\PubSub.csproj", "{9A85E1E8-04CF-41F3-87B7-D4D25D7F35BF}"
EndProject
Project("{2150E333-8FDC-42A3-9474-1A3956D46DE8}") = "NotificationModule", "NotificationModule", "{6C9E1ECC-E08A-4463-9A91-CC79DFAB95EF}"
EndProject
Project("{FAE04EC0-301F-11D3-BF4B-00C04F79EFBC}") = "Sample.Sender", "Samples\NotificationModule\Sample.Sender\Sample.Sender.csproj", "{C4FF25CD-5B5F-422C-960C-ED869B13293C}"
EndProject
Project("{2150E333-8FDC-42A3-9474-1A3956D46DE8}") = "Modules", "Modules", "{65BAD4C3-2C24-44DF-9903-1A5C6C1971E9}"
EndProject
Project("{2150E333-8FDC-42A3-9474-1A3956D46DE8}") = "NotificationsHub", "NotificationsHub", "{93ADF737-F571-463D-9936-0A01CF323770}"
EndProject
Project("{FAE04EC0-301F-11D3-BF4B-00C04F79EFBC}") = "Event.Store", "Modules\NotificationsHub\Event.Store\Event.Store.csproj", "{BF6F0E95-367D-44C1-B82B-D83D4C3081BE}"
EndProject
Project("{FAE04EC0-301F-11D3-BF4B-00C04F79EFBC}") = "Template.Implementation", "Modules\NotificationsHub\Template.Implementation\Template.Implementation.csproj", "{C45050A2-7AF7-47B0-A38D-D7FDE8C00E8E}"
EndProject
Project("{FAE04EC0-301F-11D3-BF4B-00C04F79EFBC}") = "Notification.Handler", "Modules\NotificationsHub\Notification.Handler\Notification.Handler.csproj", "{846F4E74-62CE-4CE2-B44A-D1040EA5BE2A}"
EndProject
Global
	GlobalSection(SolutionConfigurationPlatforms) = preSolution
		Debug|Any CPU = Debug|Any CPU
		Release|Any CPU = Release|Any CPU
	EndGlobalSection
	GlobalSection(SolutionProperties) = preSolution
		HideSolutionNode = FALSE
	EndGlobalSection
	GlobalSection(ProjectConfigurationPlatforms) = postSolution
		{42358AFA-8A26-4FA7-BE9D-5D5C57CED54D}.Debug|Any CPU.ActiveCfg = Debug|Any CPU
		{42358AFA-8A26-4FA7-BE9D-5D5C57CED54D}.Debug|Any CPU.Build.0 = Debug|Any CPU
		{42358AFA-8A26-4FA7-BE9D-5D5C57CED54D}.Release|Any CPU.ActiveCfg = Release|Any CPU
		{42358AFA-8A26-4FA7-BE9D-5D5C57CED54D}.Release|Any CPU.Build.0 = Release|Any CPU
		{11613A27-64FC-4398-8AB6-4B53443FAC80}.Debug|Any CPU.ActiveCfg = Debug|Any CPU
		{11613A27-64FC-4398-8AB6-4B53443FAC80}.Debug|Any CPU.Build.0 = Debug|Any CPU
		{11613A27-64FC-4398-8AB6-4B53443FAC80}.Release|Any CPU.ActiveCfg = Release|Any CPU
		{11613A27-64FC-4398-8AB6-4B53443FAC80}.Release|Any CPU.Build.0 = Release|Any CPU
		{61012C40-52B1-49B6-B68F-D2DD94F010C6}.Debug|Any CPU.ActiveCfg = Debug|Any CPU
		{61012C40-52B1-49B6-B68F-D2DD94F010C6}.Debug|Any CPU.Build.0 = Debug|Any CPU
		{61012C40-52B1-49B6-B68F-D2DD94F010C6}.Release|Any CPU.ActiveCfg = Release|Any CPU
		{61012C40-52B1-49B6-B68F-D2DD94F010C6}.Release|Any CPU.Build.0 = Release|Any CPU
		{56A21FC7-77BE-4BC8-8F2A-FD1FD88508F0}.Debug|Any CPU.ActiveCfg = Debug|Any CPU
		{56A21FC7-77BE-4BC8-8F2A-FD1FD88508F0}.Debug|Any CPU.Build.0 = Debug|Any CPU
		{56A21FC7-77BE-4BC8-8F2A-FD1FD88508F0}.Release|Any CPU.ActiveCfg = Release|Any CPU
		{56A21FC7-77BE-4BC8-8F2A-FD1FD88508F0}.Release|Any CPU.Build.0 = Release|Any CPU
		{CC59B5F1-F3B4-4873-A506-237E38B24084}.Debug|Any CPU.ActiveCfg = Debug|Any CPU
		{CC59B5F1-F3B4-4873-A506-237E38B24084}.Debug|Any CPU.Build.0 = Debug|Any CPU
		{CC59B5F1-F3B4-4873-A506-237E38B24084}.Release|Any CPU.ActiveCfg = Release|Any CPU
		{CC59B5F1-F3B4-4873-A506-237E38B24084}.Release|Any CPU.Build.0 = Release|Any CPU
		{8B59D50E-A41D-4989-970B-A6408F080BCF}.Debug|Any CPU.ActiveCfg = Debug|Any CPU
		{8B59D50E-A41D-4989-970B-A6408F080BCF}.Debug|Any CPU.Build.0 = Debug|Any CPU
		{8B59D50E-A41D-4989-970B-A6408F080BCF}.Release|Any CPU.ActiveCfg = Release|Any CPU
		{8B59D50E-A41D-4989-970B-A6408F080BCF}.Release|Any CPU.Build.0 = Release|Any CPU
		{D679C9AE-3185-45CD-99E8-181829240624}.Debug|Any CPU.ActiveCfg = Debug|Any CPU
		{D679C9AE-3185-45CD-99E8-181829240624}.Debug|Any CPU.Build.0 = Debug|Any CPU
		{D679C9AE-3185-45CD-99E8-181829240624}.Release|Any CPU.ActiveCfg = Release|Any CPU
		{D679C9AE-3185-45CD-99E8-181829240624}.Release|Any CPU.Build.0 = Release|Any CPU
		{BA15547C-AFF7-4A1F-A117-27411DA44DEA}.Debug|Any CPU.ActiveCfg = Debug|Any CPU
		{BA15547C-AFF7-4A1F-A117-27411DA44DEA}.Debug|Any CPU.Build.0 = Debug|Any CPU
		{BA15547C-AFF7-4A1F-A117-27411DA44DEA}.Release|Any CPU.ActiveCfg = Release|Any CPU
		{BA15547C-AFF7-4A1F-A117-27411DA44DEA}.Release|Any CPU.Build.0 = Release|Any CPU
		{10BDB2D0-3322-4FAA-8172-55BDF8E47C8F}.Debug|Any CPU.ActiveCfg = Debug|Any CPU
		{10BDB2D0-3322-4FAA-8172-55BDF8E47C8F}.Debug|Any CPU.Build.0 = Debug|Any CPU
		{10BDB2D0-3322-4FAA-8172-55BDF8E47C8F}.Release|Any CPU.ActiveCfg = Release|Any CPU
		{10BDB2D0-3322-4FAA-8172-55BDF8E47C8F}.Release|Any CPU.Build.0 = Release|Any CPU
		{79D25E4A-7849-4329-85DC-0ECFD363AE96}.Debug|Any CPU.ActiveCfg = Debug|Any CPU
		{79D25E4A-7849-4329-85DC-0ECFD363AE96}.Debug|Any CPU.Build.0 = Debug|Any CPU
		{79D25E4A-7849-4329-85DC-0ECFD363AE96}.Release|Any CPU.ActiveCfg = Release|Any CPU
		{79D25E4A-7849-4329-85DC-0ECFD363AE96}.Release|Any CPU.Build.0 = Release|Any CPU
		{F39E6786-2157-4D7D-A1BD-B226E2F5BA8E}.Debug|Any CPU.ActiveCfg = Debug|Any CPU
		{F39E6786-2157-4D7D-A1BD-B226E2F5BA8E}.Debug|Any CPU.Build.0 = Debug|Any CPU
		{F39E6786-2157-4D7D-A1BD-B226E2F5BA8E}.Release|Any CPU.ActiveCfg = Release|Any CPU
		{F39E6786-2157-4D7D-A1BD-B226E2F5BA8E}.Release|Any CPU.Build.0 = Release|Any CPU
		{C45057BB-18C0-4A8C-A235-0B0F58AFCD80}.Debug|Any CPU.ActiveCfg = Debug|Any CPU
		{C45057BB-18C0-4A8C-A235-0B0F58AFCD80}.Debug|Any CPU.Build.0 = Debug|Any CPU
		{C45057BB-18C0-4A8C-A235-0B0F58AFCD80}.Release|Any CPU.ActiveCfg = Release|Any CPU
		{C45057BB-18C0-4A8C-A235-0B0F58AFCD80}.Release|Any CPU.Build.0 = Release|Any CPU
		{C0DF1035-B2CC-448A-AFCA-07FBB0C6AC45}.Debug|Any CPU.ActiveCfg = Debug|Any CPU
		{C0DF1035-B2CC-448A-AFCA-07FBB0C6AC45}.Debug|Any CPU.Build.0 = Debug|Any CPU
		{C0DF1035-B2CC-448A-AFCA-07FBB0C6AC45}.Release|Any CPU.ActiveCfg = Release|Any CPU
		{C0DF1035-B2CC-448A-AFCA-07FBB0C6AC45}.Release|Any CPU.Build.0 = Release|Any CPU
		{CE2908C6-05FF-457D-A236-6EBDF84A9B37}.Debug|Any CPU.ActiveCfg = Debug|Any CPU
		{CE2908C6-05FF-457D-A236-6EBDF84A9B37}.Debug|Any CPU.Build.0 = Debug|Any CPU
		{CE2908C6-05FF-457D-A236-6EBDF84A9B37}.Release|Any CPU.ActiveCfg = Release|Any CPU
		{CE2908C6-05FF-457D-A236-6EBDF84A9B37}.Release|Any CPU.Build.0 = Release|Any CPU
		{8FDEB9D3-BE26-42D2-B1A1-6E2DA2419644}.Debug|Any CPU.ActiveCfg = Debug|Any CPU
		{8FDEB9D3-BE26-42D2-B1A1-6E2DA2419644}.Debug|Any CPU.Build.0 = Debug|Any CPU
		{8FDEB9D3-BE26-42D2-B1A1-6E2DA2419644}.Release|Any CPU.ActiveCfg = Release|Any CPU
		{8FDEB9D3-BE26-42D2-B1A1-6E2DA2419644}.Release|Any CPU.Build.0 = Release|Any CPU
		{9A85E1E8-04CF-41F3-87B7-D4D25D7F35BF}.Debug|Any CPU.ActiveCfg = Debug|Any CPU
		{9A85E1E8-04CF-41F3-87B7-D4D25D7F35BF}.Debug|Any CPU.Build.0 = Debug|Any CPU
		{9A85E1E8-04CF-41F3-87B7-D4D25D7F35BF}.Release|Any CPU.ActiveCfg = Release|Any CPU
		{9A85E1E8-04CF-41F3-87B7-D4D25D7F35BF}.Release|Any CPU.Build.0 = Release|Any CPU
		{C4FF25CD-5B5F-422C-960C-ED869B13293C}.Debug|Any CPU.ActiveCfg = Debug|Any CPU
		{C4FF25CD-5B5F-422C-960C-ED869B13293C}.Debug|Any CPU.Build.0 = Debug|Any CPU
		{C4FF25CD-5B5F-422C-960C-ED869B13293C}.Release|Any CPU.ActiveCfg = Release|Any CPU
		{C4FF25CD-5B5F-422C-960C-ED869B13293C}.Release|Any CPU.Build.0 = Release|Any CPU
		{BF6F0E95-367D-44C1-B82B-D83D4C3081BE}.Debug|Any CPU.ActiveCfg = Debug|Any CPU
		{BF6F0E95-367D-44C1-B82B-D83D4C3081BE}.Debug|Any CPU.Build.0 = Debug|Any CPU
		{BF6F0E95-367D-44C1-B82B-D83D4C3081BE}.Release|Any CPU.ActiveCfg = Release|Any CPU
		{BF6F0E95-367D-44C1-B82B-D83D4C3081BE}.Release|Any CPU.Build.0 = Release|Any CPU
		{C45050A2-7AF7-47B0-A38D-D7FDE8C00E8E}.Debug|Any CPU.ActiveCfg = Debug|Any CPU
		{C45050A2-7AF7-47B0-A38D-D7FDE8C00E8E}.Debug|Any CPU.Build.0 = Debug|Any CPU
		{C45050A2-7AF7-47B0-A38D-D7FDE8C00E8E}.Release|Any CPU.ActiveCfg = Release|Any CPU
		{C45050A2-7AF7-47B0-A38D-D7FDE8C00E8E}.Release|Any CPU.Build.0 = Release|Any CPU
		{846F4E74-62CE-4CE2-B44A-D1040EA5BE2A}.Debug|Any CPU.ActiveCfg = Debug|Any CPU
		{846F4E74-62CE-4CE2-B44A-D1040EA5BE2A}.Debug|Any CPU.Build.0 = Debug|Any CPU
		{846F4E74-62CE-4CE2-B44A-D1040EA5BE2A}.Release|Any CPU.ActiveCfg = Release|Any CPU
		{846F4E74-62CE-4CE2-B44A-D1040EA5BE2A}.Release|Any CPU.Build.0 = Release|Any CPU
	EndGlobalSection
	GlobalSection(NestedProjects) = preSolution
		{E6180AEE-C9DD-439D-A8E5-606B48FF561D} = {2E00F457-821C-494D-8219-C2444FB088F8}
		{42358AFA-8A26-4FA7-BE9D-5D5C57CED54D} = {1C487B22-D996-4D17-884C-68FC5F863F9D}
		{11613A27-64FC-4398-8AB6-4B53443FAC80} = {367EFF33-1905-40E9-8CE4-1ED35736569D}
		{61012C40-52B1-49B6-B68F-D2DD94F010C6} = {2E00F457-821C-494D-8219-C2444FB088F8}
		{56A21FC7-77BE-4BC8-8F2A-FD1FD88508F0} = {2E00F457-821C-494D-8219-C2444FB088F8}
		{CC59B5F1-F3B4-4873-A506-237E38B24084} = {1C487B22-D996-4D17-884C-68FC5F863F9D}
		{8B59D50E-A41D-4989-970B-A6408F080BCF} = {1C487B22-D996-4D17-884C-68FC5F863F9D}
		{D679C9AE-3185-45CD-99E8-181829240624} = {2E00F457-821C-494D-8219-C2444FB088F8}
		{BA15547C-AFF7-4A1F-A117-27411DA44DEA} = {367EFF33-1905-40E9-8CE4-1ED35736569D}
		{FAE09760-9A94-48C6-A198-6519F9D08468} = {2E00F457-821C-494D-8219-C2444FB088F8}
		{10BDB2D0-3322-4FAA-8172-55BDF8E47C8F} = {FAE09760-9A94-48C6-A198-6519F9D08468}
		{79D25E4A-7849-4329-85DC-0ECFD363AE96} = {FAE09760-9A94-48C6-A198-6519F9D08468}
		{F39E6786-2157-4D7D-A1BD-B226E2F5BA8E} = {E6180AEE-C9DD-439D-A8E5-606B48FF561D}
		{C45057BB-18C0-4A8C-A235-0B0F58AFCD80} = {E6180AEE-C9DD-439D-A8E5-606B48FF561D}
		{C0DF1035-B2CC-448A-AFCA-07FBB0C6AC45} = {FAE09760-9A94-48C6-A198-6519F9D08468}
		{CE2908C6-05FF-457D-A236-6EBDF84A9B37} = {FAE09760-9A94-48C6-A198-6519F9D08468}
		{8FDEB9D3-BE26-42D2-B1A1-6E2DA2419644} = {1C487B22-D996-4D17-884C-68FC5F863F9D}
		{9A85E1E8-04CF-41F3-87B7-D4D25D7F35BF} = {1C487B22-D996-4D17-884C-68FC5F863F9D}
		{6C9E1ECC-E08A-4463-9A91-CC79DFAB95EF} = {2E00F457-821C-494D-8219-C2444FB088F8}
		{C4FF25CD-5B5F-422C-960C-ED869B13293C} = {6C9E1ECC-E08A-4463-9A91-CC79DFAB95EF}
		{93ADF737-F571-463D-9936-0A01CF323770} = {65BAD4C3-2C24-44DF-9903-1A5C6C1971E9}
		{BF6F0E95-367D-44C1-B82B-D83D4C3081BE} = {93ADF737-F571-463D-9936-0A01CF323770}
		{C45050A2-7AF7-47B0-A38D-D7FDE8C00E8E} = {93ADF737-F571-463D-9936-0A01CF323770}
		{846F4E74-62CE-4CE2-B44A-D1040EA5BE2A} = {93ADF737-F571-463D-9936-0A01CF323770}
	EndGlobalSection
EndGlobal
