
Microsoft Visual Studio Solution File, Format Version 12.00
# Visual Studio Version 17
VisualStudioVersion = 17.0.31903.59
MinimumVisualStudioVersion = 10.0.40219.1
Project("{2150E333-8FDC-42A3-9474-1A3956D46DE8}") = "Samples", "Samples", "{2E00F457-821C-494D-8219-C2444FB088F8}"
EndProject
Project("{FAE04EC0-301F-11D3-BF4B-00C04F79EFBC}") = "Locking.Web", "Samples\Locking.Web\Locking.Web.csproj", "{648B99FB-C273-461B-8CB8-AFDFD5DB3F87}"
EndProject
Project("{FAE04EC0-301F-11D3-BF4B-00C04F79EFBC}") = "Locking.Console", "Samples\Locking.Console\Locking.Console.csproj", "{B31B6A53-E5C8-47E4-B19B-CC960BD03BF3}"
EndProject
Global
	GlobalSection(SolutionConfigurationPlatforms) = preSolution
		Debug|Any CPU = Debug|Any CPU
		Release|Any CPU = Release|Any CPU
	EndGlobalSection
	GlobalSection(SolutionProperties) = preSolution
		HideSolutionNode = FALSE
	EndGlobalSection
	GlobalSection(ProjectConfigurationPlatforms) = postSolution
		{648B99FB-C273-461B-8CB8-AFDFD5DB3F87}.Debug|Any CPU.ActiveCfg = Debug|Any CPU
		{648B99FB-C273-461B-8CB8-AFDFD5DB3F87}.Debug|Any CPU.Build.0 = Debug|Any CPU
		{648B99FB-C273-461B-8CB8-AFDFD5DB3F87}.Release|Any CPU.ActiveCfg = Release|Any CPU
		{648B99FB-C273-461B-8CB8-AFDFD5DB3F87}.Release|Any CPU.Build.0 = Release|Any CPU
		{B31B6A53-E5C8-47E4-B19B-CC960BD03BF3}.Debug|Any CPU.ActiveCfg = Debug|Any CPU
		{B31B6A53-E5C8-47E4-B19B-CC960BD03BF3}.Debug|Any CPU.Build.0 = Debug|Any CPU
		{B31B6A53-E5C8-47E4-B19B-CC960BD03BF3}.Release|Any CPU.ActiveCfg = Release|Any CPU
		{B31B6A53-E5C8-47E4-B19B-CC960BD03BF3}.Release|Any CPU.Build.0 = Release|Any CPU
	EndGlobalSection
	GlobalSection(NestedProjects) = preSolution
		{648B99FB-C273-461B-8CB8-AFDFD5DB3F87} = {2E00F457-821C-494D-8219-C2444FB088F8}
		{B31B6A53-E5C8-47E4-B19B-CC960BD03BF3} = {2E00F457-821C-494D-8219-C2444FB088F8}
	EndGlobalSection
EndGlobal
