
Microsoft Visual Studio Solution File, Format Version 12.00
# Visual Studio Version 17
VisualStudioVersion = 17.0.31903.59
MinimumVisualStudioVersion = 10.0.40219.1
Project("{2150E333-8FDC-42A3-9474-1A3956D46DE8}") = "Samples", "Samples", "{2E00F457-821C-494D-8219-C2444FB088F8}"
EndProject
Project("{FAE04EC0-301F-11D3-BF4B-00C04F79EFBC}") = "Locking.Web", "Samples\Locking.Web\Locking.Web.csproj", "{648B99FB-C273-461B-8CB8-AFDFD5DB3F87}"
EndProject
Project("{FAE04EC0-301F-11D3-BF4B-00C04F79EFBC}") = "Locking.Console", "Samples\Locking.Console\Locking.Console.csproj", "{B31B6A53-E5C8-47E4-B19B-CC960BD03BF3}"
EndProject
Project("{2150E333-8FDC-42A3-9474-1A3956D46DE8}") = "Entensions", "Entensions", "{1C487B22-D996-4D17-884C-68FC5F863F9D}"
EndProject
Project("{FAE04EC0-301F-11D3-BF4B-00C04F79EFBC}") = "DistributedLock", "Entensions\DistributedLock\DistributedLock.csproj", "{42358AFA-8A26-4FA7-BE9D-5D5C57CED54D}"
EndProject
Project("{2150E333-8FDC-42A3-9474-1A3956D46DE8}") = "Commons", "Commons", "{367EFF33-1905-40E9-8CE4-1ED35736569D}"
EndProject
Project("{FAE04EC0-301F-11D3-BF4B-00C04F79EFBC}") = "DistributedSecrets", "Commons\DistributedSecrets\DistributedSecrets.csproj", "{11613A27-64FC-4398-8AB6-4B53443FAC80}"
EndProject
Project("{FAE04EC0-301F-11D3-BF4B-00C04F79EFBC}") = "Secrets.Web", "Samples\Secrets.Web\Secrets.Web.csproj", "{61012C40-52B1-49B6-B68F-D2DD94F010C6}"
EndProject
Project("{FAE04EC0-301F-11D3-BF4B-00C04F79EFBC}") = "OpenTelemetry.Web", "Samples\OpenTelemetry.Web\OpenTelemetry.Web.csproj", "{56A21FC7-77BE-4BC8-8F2A-FD1FD88508F0}"
EndProject
Project("{FAE04EC0-301F-11D3-BF4B-00C04F79EFBC}") = "OpenTelemetry.Apm", "Entensions\OpenTelemetry\OpenTelemetry.Apm.csproj", "{CC59B5F1-F3B4-4873-A506-237E38B24084}"
EndProject
Project("{FAE04EC0-301F-11D3-BF4B-00C04F79EFBC}") = "RedisClient", "Entensions\Redis\RedisClient.csproj", "{8B59D50E-A41D-4989-970B-A6408F080BCF}"
EndProject
Project("{FAE04EC0-301F-11D3-BF4B-00C04F79EFBC}") = "Minimal.Web", "Samples\Minimal.Web\Minimal.Web.csproj", "{D679C9AE-3185-45CD-99E8-181829240624}"
EndProject
Global
	GlobalSection(SolutionConfigurationPlatforms) = preSolution
		Debug|Any CPU = Debug|Any CPU
		Release|Any CPU = Release|Any CPU
	EndGlobalSection
	GlobalSection(SolutionProperties) = preSolution
		HideSolutionNode = FALSE
	EndGlobalSection
	GlobalSection(ProjectConfigurationPlatforms) = postSolution
		{648B99FB-C273-461B-8CB8-AFDFD5DB3F87}.Debug|Any CPU.ActiveCfg = Debug|Any CPU
		{648B99FB-C273-461B-8CB8-AFDFD5DB3F87}.Debug|Any CPU.Build.0 = Debug|Any CPU
		{648B99FB-C273-461B-8CB8-AFDFD5DB3F87}.Release|Any CPU.ActiveCfg = Release|Any CPU
		{648B99FB-C273-461B-8CB8-AFDFD5DB3F87}.Release|Any CPU.Build.0 = Release|Any CPU
		{B31B6A53-E5C8-47E4-B19B-CC960BD03BF3}.Debug|Any CPU.ActiveCfg = Debug|Any CPU
		{B31B6A53-E5C8-47E4-B19B-CC960BD03BF3}.Debug|Any CPU.Build.0 = Debug|Any CPU
		{B31B6A53-E5C8-47E4-B19B-CC960BD03BF3}.Release|Any CPU.ActiveCfg = Release|Any CPU
		{B31B6A53-E5C8-47E4-B19B-CC960BD03BF3}.Release|Any CPU.Build.0 = Release|Any CPU
		{42358AFA-8A26-4FA7-BE9D-5D5C57CED54D}.Debug|Any CPU.ActiveCfg = Debug|Any CPU
		{42358AFA-8A26-4FA7-BE9D-5D5C57CED54D}.Debug|Any CPU.Build.0 = Debug|Any CPU
		{42358AFA-8A26-4FA7-BE9D-5D5C57CED54D}.Release|Any CPU.ActiveCfg = Release|Any CPU
		{42358AFA-8A26-4FA7-BE9D-5D5C57CED54D}.Release|Any CPU.Build.0 = Release|Any CPU
		{11613A27-64FC-4398-8AB6-4B53443FAC80}.Debug|Any CPU.ActiveCfg = Debug|Any CPU
		{11613A27-64FC-4398-8AB6-4B53443FAC80}.Debug|Any CPU.Build.0 = Debug|Any CPU
		{11613A27-64FC-4398-8AB6-4B53443FAC80}.Release|Any CPU.ActiveCfg = Release|Any CPU
		{11613A27-64FC-4398-8AB6-4B53443FAC80}.Release|Any CPU.Build.0 = Release|Any CPU
		{61012C40-52B1-49B6-B68F-D2DD94F010C6}.Debug|Any CPU.ActiveCfg = Debug|Any CPU
		{61012C40-52B1-49B6-B68F-D2DD94F010C6}.Debug|Any CPU.Build.0 = Debug|Any CPU
		{61012C40-52B1-49B6-B68F-D2DD94F010C6}.Release|Any CPU.ActiveCfg = Release|Any CPU
		{61012C40-52B1-49B6-B68F-D2DD94F010C6}.Release|Any CPU.Build.0 = Release|Any CPU
		{56A21FC7-77BE-4BC8-8F2A-FD1FD88508F0}.Debug|Any CPU.ActiveCfg = Debug|Any CPU
		{56A21FC7-77BE-4BC8-8F2A-FD1FD88508F0}.Debug|Any CPU.Build.0 = Debug|Any CPU
		{56A21FC7-77BE-4BC8-8F2A-FD1FD88508F0}.Release|Any CPU.ActiveCfg = Release|Any CPU
		{56A21FC7-77BE-4BC8-8F2A-FD1FD88508F0}.Release|Any CPU.Build.0 = Release|Any CPU
		{CC59B5F1-F3B4-4873-A506-237E38B24084}.Debug|Any CPU.ActiveCfg = Debug|Any CPU
		{CC59B5F1-F3B4-4873-A506-237E38B24084}.Debug|Any CPU.Build.0 = Debug|Any CPU
		{CC59B5F1-F3B4-4873-A506-237E38B24084}.Release|Any CPU.ActiveCfg = Release|Any CPU
		{CC59B5F1-F3B4-4873-A506-237E38B24084}.Release|Any CPU.Build.0 = Release|Any CPU
		{8B59D50E-A41D-4989-970B-A6408F080BCF}.Debug|Any CPU.ActiveCfg = Debug|Any CPU
		{8B59D50E-A41D-4989-970B-A6408F080BCF}.Debug|Any CPU.Build.0 = Debug|Any CPU
		{8B59D50E-A41D-4989-970B-A6408F080BCF}.Release|Any CPU.ActiveCfg = Release|Any CPU
		{8B59D50E-A41D-4989-970B-A6408F080BCF}.Release|Any CPU.Build.0 = Release|Any CPU
		{D679C9AE-3185-45CD-99E8-181829240624}.Debug|Any CPU.ActiveCfg = Debug|Any CPU
		{D679C9AE-3185-45CD-99E8-181829240624}.Debug|Any CPU.Build.0 = Debug|Any CPU
		{D679C9AE-3185-45CD-99E8-181829240624}.Release|Any CPU.ActiveCfg = Release|Any CPU
		{D679C9AE-3185-45CD-99E8-181829240624}.Release|Any CPU.Build.0 = Release|Any CPU
	EndGlobalSection
	GlobalSection(NestedProjects) = preSolution
		{648B99FB-C273-461B-8CB8-AFDFD5DB3F87} = {2E00F457-821C-494D-8219-C2444FB088F8}
		{B31B6A53-E5C8-47E4-B19B-CC960BD03BF3} = {2E00F457-821C-494D-8219-C2444FB088F8}
		{42358AFA-8A26-4FA7-BE9D-5D5C57CED54D} = {1C487B22-D996-4D17-884C-68FC5F863F9D}
		{11613A27-64FC-4398-8AB6-4B53443FAC80} = {367EFF33-1905-40E9-8CE4-1ED35736569D}
		{61012C40-52B1-49B6-B68F-D2DD94F010C6} = {2E00F457-821C-494D-8219-C2444FB088F8}
		{56A21FC7-77BE-4BC8-8F2A-FD1FD88508F0} = {2E00F457-821C-494D-8219-C2444FB088F8}
		{CC59B5F1-F3B4-4873-A506-237E38B24084} = {1C487B22-D996-4D17-884C-68FC5F863F9D}
		{8B59D50E-A41D-4989-970B-A6408F080BCF} = {1C487B22-D996-4D17-884C-68FC5F863F9D}
		{D679C9AE-3185-45CD-99E8-181829240624} = {2E00F457-821C-494D-8219-C2444FB088F8}
	EndGlobalSection
EndGlobal
